
Microsoft Visual Studio Solution File, Format Version 12.00
# Visual Studio 15
VisualStudioVersion = 15.0.28307.2017
MinimumVisualStudioVersion = 10.0.40219.1
Project("{FAE04EC0-301F-11D3-BF4B-00C04F79EFBC}") = "RETSYS", "RETSYS\RETSYS.csproj", "{689E3842-E9B6-4C2D-B321-3587797D8AAD}"
EndProject
Global
	GlobalSection(SolutionConfigurationPlatforms) = preSolution
		Debug|Any CPU = Debug|Any CPU
		Release|Any CPU = Release|Any CPU
	EndGlobalSection
	GlobalSection(ProjectConfigurationPlatforms) = postSolution
		{689E3842-E9B6-4C2D-B321-3587797D8AAD}.Debug|Any CPU.ActiveCfg = Debug|Any CPU
		{689E3842-E9B6-4C2D-B321-3587797D8AAD}.Debug|Any CPU.Build.0 = Debug|Any CPU
		{689E3842-E9B6-4C2D-B321-3587797D8AAD}.Release|Any CPU.ActiveCfg = Release|Any CPU
		{689E3842-E9B6-4C2D-B321-3587797D8AAD}.Release|Any CPU.Build.0 = Release|Any CPU
	EndGlobalSection
	GlobalSection(SolutionProperties) = preSolution
		HideSolutionNode = FALSE
	EndGlobalSection
	GlobalSection(ExtensibilityGlobals) = postSolution
		SolutionGuid = {CD98988D-EDCD-43BD-82E2-221DE143D022}
	EndGlobalSection
EndGlobal
